
Microsoft Visual Studio Solution File, Format Version 12.00
# Visual Studio Version 17
VisualStudioVersion = 17.11.35312.102
MinimumVisualStudioVersion = 10.0.40219.1
Project("{8BC9CEB8-8B4A-11D0-8D11-00A0C91BC942}") = "project_Tshark", "project_Tshark\project_Tshark.vcxproj", "{B89BDD51-C094-410C-AC1D-908EB3A7EFF7}"
EndProject
Project("{8BC9CEB8-8B4A-11D0-8D11-00A0C91BC942}") = "get_Pcap_hex", "get_Pcap_hex\get_Pcap_hex.vcxproj", "{CCACD23C-8927-49F2-BBE6-65B536578271}"
EndProject
Project("{8BC9CEB8-8B4A-11D0-8D11-00A0C91BC942}") = "sqlite3_test", "sqlite3_test\sqlite3_test.vcxproj", "{E57901B6-C2F5-4D15-9D83-6867167FB309}"
EndProject
Project("{8BC9CEB8-8B4A-11D0-8D11-00A0C91BC942}") = "httplib_test", "httplib_test\httplib_test.vcxproj", "{D01DCF8B-3310-45EF-A222-1AB2DCEFDE94}"
EndProject
Global
	GlobalSection(SolutionConfigurationPlatforms) = preSolution
		Debug|x64 = Debug|x64
		Debug|x86 = Debug|x86
		Release|x64 = Release|x64
		Release|x86 = Release|x86
	EndGlobalSection
	GlobalSection(ProjectConfigurationPlatforms) = postSolution
		{B89BDD51-C094-410C-AC1D-908EB3A7EFF7}.Debug|x64.ActiveCfg = Debug|x64
		{B89BDD51-C094-410C-AC1D-908EB3A7EFF7}.Debug|x64.Build.0 = Debug|x64
		{B89BDD51-C094-410C-AC1D-908EB3A7EFF7}.Debug|x86.ActiveCfg = Debug|Win32
		{B89BDD51-C094-410C-AC1D-908EB3A7EFF7}.Debug|x86.Build.0 = Debug|Win32
		{B89BDD51-C094-410C-AC1D-908EB3A7EFF7}.Release|x64.ActiveCfg = Release|x64
		{B89BDD51-C094-410C-AC1D-908EB3A7EFF7}.Release|x64.Build.0 = Release|x64
		{B89BDD51-C094-410C-AC1D-908EB3A7EFF7}.Release|x86.ActiveCfg = Release|Win32
		{B89BDD51-C094-410C-AC1D-908EB3A7EFF7}.Release|x86.Build.0 = Release|Win32
		{CCACD23C-8927-49F2-BBE6-65B536578271}.Debug|x64.ActiveCfg = Debug|x64
		{CCACD23C-8927-49F2-BBE6-65B536578271}.Debug|x64.Build.0 = Debug|x64
		{CCACD23C-8927-49F2-BBE6-65B536578271}.Debug|x86.ActiveCfg = Debug|Win32
		{CCACD23C-8927-49F2-BBE6-65B536578271}.Debug|x86.Build.0 = Debug|Win32
		{CCACD23C-8927-49F2-BBE6-65B536578271}.Release|x64.ActiveCfg = Release|x64
		{CCACD23C-8927-49F2-BBE6-65B536578271}.Release|x64.Build.0 = Release|x64
		{CCACD23C-8927-49F2-BBE6-65B536578271}.Release|x86.ActiveCfg = Release|Win32
		{CCACD23C-8927-49F2-BBE6-65B536578271}.Release|x86.Build.0 = Release|Win32
		{E57901B6-C2F5-4D15-9D83-6867167FB309}.Debug|x64.ActiveCfg = Debug|x64
		{E57901B6-C2F5-4D15-9D83-6867167FB309}.Debug|x64.Build.0 = Debug|x64
		{E57901B6-C2F5-4D15-9D83-6867167FB309}.Debug|x86.ActiveCfg = Debug|Win32
		{E57901B6-C2F5-4D15-9D83-6867167FB309}.Debug|x86.Build.0 = Debug|Win32
		{E57901B6-C2F5-4D15-9D83-6867167FB309}.Release|x64.ActiveCfg = Release|x64
		{E57901B6-C2F5-4D15-9D83-6867167FB309}.Release|x64.Build.0 = Release|x64
		{E57901B6-C2F5-4D15-9D83-6867167FB309}.Release|x86.ActiveCfg = Release|Win32
		{E57901B6-C2F5-4D15-9D83-6867167FB309}.Release|x86.Build.0 = Release|Win32
		{D01DCF8B-3310-45EF-A222-1AB2DCEFDE94}.Debug|x64.ActiveCfg = Debug|x64
		{D01DCF8B-3310-45EF-A222-1AB2DCEFDE94}.Debug|x64.Build.0 = Debug|x64
		{D01DCF8B-3310-45EF-A222-1AB2DCEFDE94}.Debug|x86.ActiveCfg = Debug|Win32
		{D01DCF8B-3310-45EF-A222-1AB2DCEFDE94}.Debug|x86.Build.0 = Debug|Win32
		{D01DCF8B-3310-45EF-A222-1AB2DCEFDE94}.Release|x64.ActiveCfg = Release|x64
		{D01DCF8B-3310-45EF-A222-1AB2DCEFDE94}.Release|x64.Build.0 = Release|x64
		{D01DCF8B-3310-45EF-A222-1AB2DCEFDE94}.Release|x86.ActiveCfg = Release|Win32
		{D01DCF8B-3310-45EF-A222-1AB2DCEFDE94}.Release|x86.Build.0 = Release|Win32
	EndGlobalSection
	GlobalSection(SolutionProperties) = preSolution
		HideSolutionNode = FALSE
	EndGlobalSection
	GlobalSection(ExtensibilityGlobals) = postSolution
		SolutionGuid = {687D2361-0F27-4709-ADC5-36CC282F45CA}
	EndGlobalSection
EndGlobal
